
Microsoft Visual Studio Solution File, Format Version 12.00
# Visual Studio 15
VisualStudioVersion = 15.0.28307.1082
MinimumVisualStudioVersion = 10.0.40219.1
Project("{FAE04EC0-301F-11D3-BF4B-00C04F79EFBC}") = "hw21-LINQ2", "hw21-LINQ2\hw21-LINQ2.csproj", "{DF354DDE-020A-4001-93DF-150BD9048098}"
EndProject
Global
	GlobalSection(SolutionConfigurationPlatforms) = preSolution
		Debug|Any CPU = Debug|Any CPU
		Release|Any CPU = Release|Any CPU
	EndGlobalSection
	GlobalSection(ProjectConfigurationPlatforms) = postSolution
		{DF354DDE-020A-4001-93DF-150BD9048098}.Debug|Any CPU.ActiveCfg = Debug|Any CPU
		{DF354DDE-020A-4001-93DF-150BD9048098}.Debug|Any CPU.Build.0 = Debug|Any CPU
		{DF354DDE-020A-4001-93DF-150BD9048098}.Release|Any CPU.ActiveCfg = Release|Any CPU
		{DF354DDE-020A-4001-93DF-150BD9048098}.Release|Any CPU.Build.0 = Release|Any CPU
	EndGlobalSection
	GlobalSection(SolutionProperties) = preSolution
		HideSolutionNode = FALSE
	EndGlobalSection
	GlobalSection(ExtensibilityGlobals) = postSolution
		SolutionGuid = {10EB7893-FFE3-4D3D-9E40-2D358F30CAAB}
	EndGlobalSection
EndGlobal
